
Microsoft Visual Studio Solution File, Format Version 12.00
# Visual Studio 2017
Project("{FAE04EC0-301F-11D3-BF4B-00C04F79EFBC}") = "ToolJPM", "ToolJPM.csproj", "{88B86C20-44DC-3388-076D-D23C1F5FAE12}"
EndProject
Project("{FAE04EC0-301F-11D3-BF4B-00C04F79EFBC}") = "ToolJPM.Editor", "ToolJPM.Editor.csproj", "{348037B9-F81E-6E54-8B4D-016CBF2749EE}"
EndProject
Global
	GlobalSection(SolutionConfigurationPlatforms) = preSolution
		Debug|Any CPU = Debug|Any CPU
		Release|Any CPU = Release|Any CPU
	EndGlobalSection
	GlobalSection(ProjectConfigurationPlatforms) = postSolution
		{88B86C20-44DC-3388-076D-D23C1F5FAE12}.Debug|Any CPU.ActiveCfg = Debug|Any CPU
		{88B86C20-44DC-3388-076D-D23C1F5FAE12}.Debug|Any CPU.Build.0 = Debug|Any CPU
		{88B86C20-44DC-3388-076D-D23C1F5FAE12}.Release|Any CPU.ActiveCfg = Release|Any CPU
		{88B86C20-44DC-3388-076D-D23C1F5FAE12}.Release|Any CPU.Build.0 = Release|Any CPU
		{348037B9-F81E-6E54-8B4D-016CBF2749EE}.Debug|Any CPU.ActiveCfg = Debug|Any CPU
		{348037B9-F81E-6E54-8B4D-016CBF2749EE}.Debug|Any CPU.Build.0 = Debug|Any CPU
		{348037B9-F81E-6E54-8B4D-016CBF2749EE}.Release|Any CPU.ActiveCfg = Release|Any CPU
		{348037B9-F81E-6E54-8B4D-016CBF2749EE}.Release|Any CPU.Build.0 = Release|Any CPU
	EndGlobalSection
	GlobalSection(SolutionProperties) = preSolution
		HideSolutionNode = FALSE
	EndGlobalSection
EndGlobal
